
Microsoft Visual Studio Solution File, Format Version 12.00
# Visual Studio Version 17
VisualStudioVersion = 17.6.33815.320
MinimumVisualStudioVersion = 10.0.40219.1
Project("{2150E333-8FDC-42A3-9474-1A3956D46DE8}") = "src", "src", "{D038B871-36AE-4740-BDD0-FBC30D8AA353}"
EndProject
Project("{9A19103F-16F7-4668-BE54-9A1E7A4F7556}") = "StarCitizen.eShop.Application", "StarCitizen.eShop.Application\StarCitizen.eShop.Application.csproj", "{17F98113-459A-46AE-AD27-6552CDF77F6C}"
EndProject
Project("{9A19103F-16F7-4668-BE54-9A1E7A4F7556}") = "StarCitizen.eShop.Domain", "StarCitizen.eShop.Domain\StarCitizen.eShop.Domain.csproj", "{F5A3B9F4-1B44-43D0-9879-092B9646935B}"
EndProject
Project("{9A19103F-16F7-4668-BE54-9A1E7A4F7556}") = "StarCitizen.eShop.Persistence", "StarCitizen.eShop.Persistence\StarCitizen.eShop.Persistence.csproj", "{37532A49-508F-4380-A74A-93028804DE61}"
EndProject
Project("{2150E333-8FDC-42A3-9474-1A3956D46DE8}") = "tests", "tests", "{4EFCB22F-334D-4279-BEB6-7F274142AC46}"
EndProject
Project("{FAE04EC0-301F-11D3-BF4B-00C04F79EFBC}") = "StarCitizen.eShop.WebApi", "StarCitizen.eShop.WebApi\StarCitizen.eShop.WebApi.csproj", "{F51FEEA4-D8CE-4781-B353-88F3C4418542}"
EndProject
Project("{FAE04EC0-301F-11D3-BF4B-00C04F79EFBC}") = "StarCitizen.eShop.Application.UnitTests", "StarCitizen.eShop.Application.UnitTests\StarCitizen.eShop.Application.UnitTests.csproj", "{A95304ED-9254-4B91-A9E3-329FE6CE6237}"
EndProject
Project("{E53339B2-1760-4266-BCC7-CA923CBCF16C}") = "docker-compose", "docker-compose.dcproj", "{201E8368-AD79-487A-A240-C88D0647F2C3}"
EndProject
Global
	GlobalSection(SolutionConfigurationPlatforms) = preSolution
		Debug|Any CPU = Debug|Any CPU
		Release|Any CPU = Release|Any CPU
	EndGlobalSection
	GlobalSection(ProjectConfigurationPlatforms) = postSolution
		{17F98113-459A-46AE-AD27-6552CDF77F6C}.Debug|Any CPU.ActiveCfg = Debug|Any CPU
		{17F98113-459A-46AE-AD27-6552CDF77F6C}.Debug|Any CPU.Build.0 = Debug|Any CPU
		{17F98113-459A-46AE-AD27-6552CDF77F6C}.Release|Any CPU.ActiveCfg = Release|Any CPU
		{17F98113-459A-46AE-AD27-6552CDF77F6C}.Release|Any CPU.Build.0 = Release|Any CPU
		{F5A3B9F4-1B44-43D0-9879-092B9646935B}.Debug|Any CPU.ActiveCfg = Debug|Any CPU
		{F5A3B9F4-1B44-43D0-9879-092B9646935B}.Debug|Any CPU.Build.0 = Debug|Any CPU
		{F5A3B9F4-1B44-43D0-9879-092B9646935B}.Release|Any CPU.ActiveCfg = Release|Any CPU
		{F5A3B9F4-1B44-43D0-9879-092B9646935B}.Release|Any CPU.Build.0 = Release|Any CPU
		{37532A49-508F-4380-A74A-93028804DE61}.Debug|Any CPU.ActiveCfg = Debug|Any CPU
		{37532A49-508F-4380-A74A-93028804DE61}.Debug|Any CPU.Build.0 = Debug|Any CPU
		{37532A49-508F-4380-A74A-93028804DE61}.Release|Any CPU.ActiveCfg = Release|Any CPU
		{37532A49-508F-4380-A74A-93028804DE61}.Release|Any CPU.Build.0 = Release|Any CPU
		{F51FEEA4-D8CE-4781-B353-88F3C4418542}.Debug|Any CPU.ActiveCfg = Debug|Any CPU
		{F51FEEA4-D8CE-4781-B353-88F3C4418542}.Debug|Any CPU.Build.0 = Debug|Any CPU
		{F51FEEA4-D8CE-4781-B353-88F3C4418542}.Release|Any CPU.ActiveCfg = Release|Any CPU
		{F51FEEA4-D8CE-4781-B353-88F3C4418542}.Release|Any CPU.Build.0 = Release|Any CPU
		{A95304ED-9254-4B91-A9E3-329FE6CE6237}.Debug|Any CPU.ActiveCfg = Debug|Any CPU
		{A95304ED-9254-4B91-A9E3-329FE6CE6237}.Debug|Any CPU.Build.0 = Debug|Any CPU
		{A95304ED-9254-4B91-A9E3-329FE6CE6237}.Release|Any CPU.ActiveCfg = Release|Any CPU
		{A95304ED-9254-4B91-A9E3-329FE6CE6237}.Release|Any CPU.Build.0 = Release|Any CPU
		{201E8368-AD79-487A-A240-C88D0647F2C3}.Debug|Any CPU.ActiveCfg = Debug|Any CPU
		{201E8368-AD79-487A-A240-C88D0647F2C3}.Debug|Any CPU.Build.0 = Debug|Any CPU
		{201E8368-AD79-487A-A240-C88D0647F2C3}.Release|Any CPU.ActiveCfg = Release|Any CPU
		{201E8368-AD79-487A-A240-C88D0647F2C3}.Release|Any CPU.Build.0 = Release|Any CPU
	EndGlobalSection
	GlobalSection(SolutionProperties) = preSolution
		HideSolutionNode = FALSE
	EndGlobalSection
	GlobalSection(NestedProjects) = preSolution
		{17F98113-459A-46AE-AD27-6552CDF77F6C} = {D038B871-36AE-4740-BDD0-FBC30D8AA353}
		{F5A3B9F4-1B44-43D0-9879-092B9646935B} = {D038B871-36AE-4740-BDD0-FBC30D8AA353}
		{37532A49-508F-4380-A74A-93028804DE61} = {D038B871-36AE-4740-BDD0-FBC30D8AA353}
		{F51FEEA4-D8CE-4781-B353-88F3C4418542} = {D038B871-36AE-4740-BDD0-FBC30D8AA353}
		{A95304ED-9254-4B91-A9E3-329FE6CE6237} = {4EFCB22F-334D-4279-BEB6-7F274142AC46}
	EndGlobalSection
	GlobalSection(ExtensibilityGlobals) = postSolution
		SolutionGuid = {141E5AD2-8DCE-4F23-922C-DC7DDBCC5219}
	EndGlobalSection
EndGlobal
